// !$*UTF8*$!
{
	archiveVersion = 1;
	classes = {
	};
	objectVersion = 51;
	objects = {

/* Begin PBXBuildFile section */
		16FC9DEE90C830ED272B6CA8 /* Pods_PobbyTests.framework in Frameworks */ = {isa = PBXBuildFile; fileRef = C979E0ACAC93C1F0A7196511 /* Pods_PobbyTests.framework */; };
		3CEDD16ED2CB6A6825BD65AE /* Pods_Pobby_PobbyUITests.framework in Frameworks */ = {isa = PBXBuildFile; fileRef = 8D6634C39864AE4A39A78B23 /* Pods_Pobby_PobbyUITests.framework */; };
		DBE1888B5B8DF9FFE6CC6079 /* Pods_Pobby.framework in Frameworks */ = {isa = PBXBuildFile; fileRef = 5B27D566EE06015F64673CE5 /* Pods_Pobby.framework */; };
		FC02B26B2547EEA200F494C1 /* WelcomeViewController.swift in Sources */ = {isa = PBXBuildFile; fileRef = FC02B26A2547EEA200F494C1 /* WelcomeViewController.swift */; };
		FC0951A9258F3555000C2905 /* boardDetailVC.swift in Sources */ = {isa = PBXBuildFile; fileRef = FC0951A8258F3555000C2905 /* boardDetailVC.swift */; };
		FC0D5F472548582F003EEEF0 /* LoginViewController.swift in Sources */ = {isa = PBXBuildFile; fileRef = FC0D5F462548582F003EEEF0 /* LoginViewController.swift */; };
		FC3804F92539B3F4009082F3 /* GoogleService-Info.plist in Resources */ = {isa = PBXBuildFile; fileRef = FC3804F82539B3F4009082F3 /* GoogleService-Info.plist */; };
		FC571BA7259049240060F7BF /* insertboardVC.swift in Sources */ = {isa = PBXBuildFile; fileRef = FC571BA6259049240060F7BF /* insertboardVC.swift */; };
		FC6794B0257B262200407A00 /* CommunityVC.swift in Sources */ = {isa = PBXBuildFile; fileRef = FC6794AF257B262200407A00 /* CommunityVC.swift */; };
		FC6794DF257B392100407A00 /* LoadingCell.xib in Resources */ = {isa = PBXBuildFile; fileRef = FC6794DA257B392100407A00 /* LoadingCell.xib */; };
		FC6794E0257B392100407A00 /* LoadingCell.swift in Sources */ = {isa = PBXBuildFile; fileRef = FC6794DB257B392100407A00 /* LoadingCell.swift */; };
		FC6794E2257B392100407A00 /* TableViewItemCell.swift in Sources */ = {isa = PBXBuildFile; fileRef = FC6794DE257B392100407A00 /* TableViewItemCell.swift */; };
		FC6DA5B2258D049B00C8A694 /* HomeModel.swift in Sources */ = {isa = PBXBuildFile; fileRef = FC6DA5B1258D049B00C8A694 /* HomeModel.swift */; };
		FC74F7E6255E4CE7000E989D /* PetitionVC.swift in Sources */ = {isa = PBXBuildFile; fileRef = FC74F7E5255E4CE7000E989D /* PetitionVC.swift */; };
		FC74F7EB255E5498000E989D /* PetitionCell.swift in Sources */ = {isa = PBXBuildFile; fileRef = FC74F7EA255E5498000E989D /* PetitionCell.swift */; };
		FC74F7F1255E72BD000E989D /* PetitionModel.swift in Sources */ = {isa = PBXBuildFile; fileRef = FC74F7F0255E72BD000E989D /* PetitionModel.swift */; };
		FC74F7F9255E78BB000E989D /* WritePetitionVC.swift in Sources */ = {isa = PBXBuildFile; fileRef = FC74F7F8255E78BB000E989D /* WritePetitionVC.swift */; };
		FC7A1EB3255144AB009A47C7 /* HomeViewController.swift in Sources */ = {isa = PBXBuildFile; fileRef = FC7A1EB2255144AB009A47C7 /* HomeViewController.swift */; };
		FC7A1EBC25514C4F009A47C7 /* MypageViewController.swift in Sources */ = {isa = PBXBuildFile; fileRef = FC7A1EBB25514C4F009A47C7 /* MypageViewController.swift */; };
		FC7A1EC7255151F7009A47C7 /* SetProfileViewController.swift in Sources */ = {isa = PBXBuildFile; fileRef = FC7A1EC6255151F7009A47C7 /* SetProfileViewController.swift */; };
		FC7A1ECC25515222009A47C7 /* welcometopobbyVC.swift in Sources */ = {isa = PBXBuildFile; fileRef = FC7A1ECB25515222009A47C7 /* welcometopobbyVC.swift */; };
		FC86A847256CCF0600D37C21 /* broadcastingCollectionVcell.swift in Sources */ = {isa = PBXBuildFile; fileRef = FC86A846256CCF0600D37C21 /* broadcastingCollectionVcell.swift */; };
		FC877BB525601F6B004BD7EB /* PetitionDetailVC.swift in Sources */ = {isa = PBXBuildFile; fileRef = FC877BB425601F6B004BD7EB /* PetitionDetailVC.swift */; };
		FC961BCF254BBAA6006F1AE8 /* Cafe24Ohsquareair.ttf in Resources */ = {isa = PBXBuildFile; fileRef = FC961BCE254BB97C006F1AE8 /* Cafe24Ohsquareair.ttf */; };
		FC961BD3254BBAA8006F1AE8 /* NanumSquareRoundB.ttf in Resources */ = {isa = PBXBuildFile; fileRef = FC961BCB254BB93A006F1AE8 /* NanumSquareRoundB.ttf */; };
		FC961BD4254BBAAA006F1AE8 /* NanumSquareRoundEB.ttf in Resources */ = {isa = PBXBuildFile; fileRef = FC961BCC254BB93A006F1AE8 /* NanumSquareRoundEB.ttf */; };
		FC961BD8254BBAAC006F1AE8 /* NanumSquareRoundL.ttf in Resources */ = {isa = PBXBuildFile; fileRef = FC961BCA254BB93A006F1AE8 /* NanumSquareRoundL.ttf */; };
		FC961BDC254BBAAE006F1AE8 /* NanumSquareRoundR.ttf in Resources */ = {isa = PBXBuildFile; fileRef = FC961BCD254BB93A006F1AE8 /* NanumSquareRoundR.ttf */; };
		FC961BEC254C1DBD006F1AE8 /* SignupViewController.swift in Sources */ = {isa = PBXBuildFile; fileRef = FC961BEB254C1DBD006F1AE8 /* SignupViewController.swift */; };
		FC9B92A6258DBDCE00207DB8 /* boardModel.swift in Sources */ = {isa = PBXBuildFile; fileRef = FC9B92A5258DBDCE00207DB8 /* boardModel.swift */; };
		FC9B92AE258DE3E900207DB8 /* ticketingDetailVC.swift in Sources */ = {isa = PBXBuildFile; fileRef = FC9B92AD258DE3E900207DB8 /* ticketingDetailVC.swift */; };
		FC9B92B3258DEACD00207DB8 /* broadcastDetailVC.swift in Sources */ = {isa = PBXBuildFile; fileRef = FC9B92B2258DEACD00207DB8 /* broadcastDetailVC.swift */; };
		FC9B92B8258DF2F400207DB8 /* signedPopUPVC.swift in Sources */ = {isa = PBXBuildFile; fileRef = FC9B92B7258DF2F400207DB8 /* signedPopUPVC.swift */; };
		FC9B92DB258E19FB00207DB8 /* bestboardCell.swift in Sources */ = {isa = PBXBuildFile; fileRef = FC9B92DA258E19FB00207DB8 /* bestboardCell.swift */; };
		FC9B92E0258E1A1B00207DB8 /* bestpetitionCell.swift in Sources */ = {isa = PBXBuildFile; fileRef = FC9B92DF258E1A1B00207DB8 /* bestpetitionCell.swift */; };
		FCA27764255A81300042AB47 /* ticketingCollectionVcell.swift in Sources */ = {isa = PBXBuildFile; fileRef = FCA27763255A81300042AB47 /* ticketingCollectionVcell.swift */; };
		FCC2D9FD254FAD02006E5ABD /* User.swift in Sources */ = {isa = PBXBuildFile; fileRef = FCC2D9FC254FAD02006E5ABD /* User.swift */; };
		FCC9C853257A573000A7B02C /* bannerCollectionViewCell.swift in Sources */ = {isa = PBXBuildFile; fileRef = FCC9C852257A573000A7B02C /* bannerCollectionViewCell.swift */; };
		FCDBB20A258FBA3700AE453C /* commentCell.swift in Sources */ = {isa = PBXBuildFile; fileRef = FCDBB209258FBA3700AE453C /* commentCell.swift */; };
		FCEF1F9E2539B2A8009101C0 /* AppDelegate.swift in Sources */ = {isa = PBXBuildFile; fileRef = FCEF1F9D2539B2A8009101C0 /* AppDelegate.swift */; };
		FCEF1FA02539B2A8009101C0 /* SceneDelegate.swift in Sources */ = {isa = PBXBuildFile; fileRef = FCEF1F9F2539B2A8009101C0 /* SceneDelegate.swift */; };
		FCEF1FA22539B2A8009101C0 /* TabBarViewController.swift in Sources */ = {isa = PBXBuildFile; fileRef = FCEF1FA12539B2A8009101C0 /* TabBarViewController.swift */; };
		FCEF1FA52539B2A8009101C0 /* Main.storyboard in Resources */ = {isa = PBXBuildFile; fileRef = FCEF1FA32539B2A8009101C0 /* Main.storyboard */; };
		FCEF1FA72539B2A8009101C0 /* Assets.xcassets in Resources */ = {isa = PBXBuildFile; fileRef = FCEF1FA62539B2A8009101C0 /* Assets.xcassets */; };
		FCEF1FAA2539B2A8009101C0 /* LaunchScreen.storyboard in Resources */ = {isa = PBXBuildFile; fileRef = FCEF1FA82539B2A8009101C0 /* LaunchScreen.storyboard */; };
		FCEF1FB52539B2A9009101C0 /* PobbyTests.swift in Sources */ = {isa = PBXBuildFile; fileRef = FCEF1FB42539B2A9009101C0 /* PobbyTests.swift */; };
		FCEF1FC02539B2A9009101C0 /* PobbyUITests.swift in Sources */ = {isa = PBXBuildFile; fileRef = FCEF1FBF2539B2A9009101C0 /* PobbyUITests.swift */; };
		FCF8C6702590C525009B290E /* myboardVC.swift in Sources */ = {isa = PBXBuildFile; fileRef = FCF8C66F2590C525009B290E /* myboardVC.swift */; };
		FCF8C6752590C531009B290E /* mycommentVC.swift in Sources */ = {isa = PBXBuildFile; fileRef = FCF8C6742590C531009B290E /* mycommentVC.swift */; };
		FCF8C6822590C9ED009B290E /* mycommnetCell.swift in Sources */ = {isa = PBXBuildFile; fileRef = FCF8C6812590C9ED009B290E /* mycommnetCell.swift */; };
		FCF8C6872590F354009B290E /* editProfileVC.swift in Sources */ = {isa = PBXBuildFile; fileRef = FCF8C6862590F354009B290E /* editProfileVC.swift */; };
/* End PBXBuildFile section */

/* Begin PBXContainerItemProxy section */
		FCEF1FB12539B2A8009101C0 /* PBXContainerItemProxy */ = {
			isa = PBXContainerItemProxy;
			containerPortal = FCEF1F922539B2A8009101C0 /* Project object */;
			proxyType = 1;
			remoteGlobalIDString = FCEF1F992539B2A8009101C0;
			remoteInfo = Pobby;
		};
		FCEF1FBC2539B2A9009101C0 /* PBXContainerItemProxy */ = {
			isa = PBXContainerItemProxy;
			containerPortal = FCEF1F922539B2A8009101C0 /* Project object */;
			proxyType = 1;
			remoteGlobalIDString = FCEF1F992539B2A8009101C0;
			remoteInfo = Pobby;
		};
/* End PBXContainerItemProxy section */

/* Begin PBXFileReference section */
		181F27DFF834299C22B2F766 /* Pods-Pobby-PobbyUITests.release.xcconfig */ = {isa = PBXFileReference; includeInIndex = 1; lastKnownFileType = text.xcconfig; name = "Pods-Pobby-PobbyUITests.release.xcconfig"; path = "Target Support Files/Pods-Pobby-PobbyUITests/Pods-Pobby-PobbyUITests.release.xcconfig"; sourceTree = "<group>"; };
		4EA654A1E54DC3D487FA5E1D /* Pods-Pobby-PobbyUITests.debug.xcconfig */ = {isa = PBXFileReference; includeInIndex = 1; lastKnownFileType = text.xcconfig; name = "Pods-Pobby-PobbyUITests.debug.xcconfig"; path = "Target Support Files/Pods-Pobby-PobbyUITests/Pods-Pobby-PobbyUITests.debug.xcconfig"; sourceTree = "<group>"; };
		5A36A876DC1A6D658459E6BC /* Pods-Pobby.debug.xcconfig */ = {isa = PBXFileReference; includeInIndex = 1; lastKnownFileType = text.xcconfig; name = "Pods-Pobby.debug.xcconfig"; path = "Target Support Files/Pods-Pobby/Pods-Pobby.debug.xcconfig"; sourceTree = "<group>"; };
		5B27D566EE06015F64673CE5 /* Pods_Pobby.framework */ = {isa = PBXFileReference; explicitFileType = wrapper.framework; includeInIndex = 0; path = Pods_Pobby.framework; sourceTree = BUILT_PRODUCTS_DIR; };
		8D6634C39864AE4A39A78B23 /* Pods_Pobby_PobbyUITests.framework */ = {isa = PBXFileReference; explicitFileType = wrapper.framework; includeInIndex = 0; path = Pods_Pobby_PobbyUITests.framework; sourceTree = BUILT_PRODUCTS_DIR; };
		BC4A3A7E78427827A2B317BC /* Pods-PobbyTests.release.xcconfig */ = {isa = PBXFileReference; includeInIndex = 1; lastKnownFileType = text.xcconfig; name = "Pods-PobbyTests.release.xcconfig"; path = "Target Support Files/Pods-PobbyTests/Pods-PobbyTests.release.xcconfig"; sourceTree = "<group>"; };
		C979E0ACAC93C1F0A7196511 /* Pods_PobbyTests.framework */ = {isa = PBXFileReference; explicitFileType = wrapper.framework; includeInIndex = 0; path = Pods_PobbyTests.framework; sourceTree = BUILT_PRODUCTS_DIR; };
		DF77FD34CD63ED3379155335 /* Pods-PobbyTests.debug.xcconfig */ = {isa = PBXFileReference; includeInIndex = 1; lastKnownFileType = text.xcconfig; name = "Pods-PobbyTests.debug.xcconfig"; path = "Target Support Files/Pods-PobbyTests/Pods-PobbyTests.debug.xcconfig"; sourceTree = "<group>"; };
		FABF9DBC613654D79B0FF810 /* Pods-Pobby.release.xcconfig */ = {isa = PBXFileReference; includeInIndex = 1; lastKnownFileType = text.xcconfig; name = "Pods-Pobby.release.xcconfig"; path = "Target Support Files/Pods-Pobby/Pods-Pobby.release.xcconfig"; sourceTree = "<group>"; };
		FC02B26A2547EEA200F494C1 /* WelcomeViewController.swift */ = {isa = PBXFileReference; lastKnownFileType = sourcecode.swift; path = WelcomeViewController.swift; sourceTree = "<group>"; };
		FC0951A8258F3555000C2905 /* boardDetailVC.swift */ = {isa = PBXFileReference; lastKnownFileType = sourcecode.swift; path = boardDetailVC.swift; sourceTree = "<group>"; };
		FC0D5F462548582F003EEEF0 /* LoginViewController.swift */ = {isa = PBXFileReference; lastKnownFileType = sourcecode.swift; path = LoginViewController.swift; sourceTree = "<group>"; };
		FC3804F82539B3F4009082F3 /* GoogleService-Info.plist */ = {isa = PBXFileReference; fileEncoding = 4; lastKnownFileType = text.plist.xml; path = "GoogleService-Info.plist"; sourceTree = "<group>"; };
		FC571BA6259049240060F7BF /* insertboardVC.swift */ = {isa = PBXFileReference; lastKnownFileType = sourcecode.swift; path = insertboardVC.swift; sourceTree = "<group>"; };
		FC6794AF257B262200407A00 /* CommunityVC.swift */ = {isa = PBXFileReference; lastKnownFileType = sourcecode.swift; path = CommunityVC.swift; sourceTree = "<group>"; };
		FC6794DA257B392100407A00 /* LoadingCell.xib */ = {isa = PBXFileReference; fileEncoding = 4; lastKnownFileType = file.xib; path = LoadingCell.xib; sourceTree = "<group>"; };
		FC6794DB257B392100407A00 /* LoadingCell.swift */ = {isa = PBXFileReference; fileEncoding = 4; lastKnownFileType = sourcecode.swift; path = LoadingCell.swift; sourceTree = "<group>"; };
		FC6794DE257B392100407A00 /* TableViewItemCell.swift */ = {isa = PBXFileReference; fileEncoding = 4; lastKnownFileType = sourcecode.swift; path = TableViewItemCell.swift; sourceTree = "<group>"; };
		FC6DA5B1258D049B00C8A694 /* HomeModel.swift */ = {isa = PBXFileReference; lastKnownFileType = sourcecode.swift; path = HomeModel.swift; sourceTree = "<group>"; };
		FC74F7E5255E4CE7000E989D /* PetitionVC.swift */ = {isa = PBXFileReference; lastKnownFileType = sourcecode.swift; path = PetitionVC.swift; sourceTree = "<group>"; };
		FC74F7EA255E5498000E989D /* PetitionCell.swift */ = {isa = PBXFileReference; lastKnownFileType = sourcecode.swift; path = PetitionCell.swift; sourceTree = "<group>"; };
		FC74F7F0255E72BD000E989D /* PetitionModel.swift */ = {isa = PBXFileReference; lastKnownFileType = sourcecode.swift; path = PetitionModel.swift; sourceTree = "<group>"; };
		FC74F7F8255E78BB000E989D /* WritePetitionVC.swift */ = {isa = PBXFileReference; lastKnownFileType = sourcecode.swift; path = WritePetitionVC.swift; sourceTree = "<group>"; };
		FC7A1EB2255144AB009A47C7 /* HomeViewController.swift */ = {isa = PBXFileReference; lastKnownFileType = sourcecode.swift; path = HomeViewController.swift; sourceTree = "<group>"; };
		FC7A1EBB25514C4F009A47C7 /* MypageViewController.swift */ = {isa = PBXFileReference; lastKnownFileType = sourcecode.swift; path = MypageViewController.swift; sourceTree = "<group>"; };
		FC7A1EC6255151F7009A47C7 /* SetProfileViewController.swift */ = {isa = PBXFileReference; lastKnownFileType = sourcecode.swift; path = SetProfileViewController.swift; sourceTree = "<group>"; };
		FC7A1ECB25515222009A47C7 /* welcometopobbyVC.swift */ = {isa = PBXFileReference; lastKnownFileType = sourcecode.swift; path = welcometopobbyVC.swift; sourceTree = "<group>"; };
		FC86A846256CCF0600D37C21 /* broadcastingCollectionVcell.swift */ = {isa = PBXFileReference; lastKnownFileType = sourcecode.swift; path = broadcastingCollectionVcell.swift; sourceTree = "<group>"; };
		FC877BB425601F6B004BD7EB /* PetitionDetailVC.swift */ = {isa = PBXFileReference; lastKnownFileType = sourcecode.swift; path = PetitionDetailVC.swift; sourceTree = "<group>"; };
		FC961BCA254BB93A006F1AE8 /* NanumSquareRoundL.ttf */ = {isa = PBXFileReference; lastKnownFileType = file; path = NanumSquareRoundL.ttf; sourceTree = "<group>"; };
		FC961BCB254BB93A006F1AE8 /* NanumSquareRoundB.ttf */ = {isa = PBXFileReference; lastKnownFileType = file; path = NanumSquareRoundB.ttf; sourceTree = "<group>"; };
		FC961BCC254BB93A006F1AE8 /* NanumSquareRoundEB.ttf */ = {isa = PBXFileReference; lastKnownFileType = file; path = NanumSquareRoundEB.ttf; sourceTree = "<group>"; };
		FC961BCD254BB93A006F1AE8 /* NanumSquareRoundR.ttf */ = {isa = PBXFileReference; lastKnownFileType = file; path = NanumSquareRoundR.ttf; sourceTree = "<group>"; };
		FC961BCE254BB97C006F1AE8 /* Cafe24Ohsquareair.ttf */ = {isa = PBXFileReference; lastKnownFileType = file; path = Cafe24Ohsquareair.ttf; sourceTree = "<group>"; };
		FC961BEB254C1DBD006F1AE8 /* SignupViewController.swift */ = {isa = PBXFileReference; lastKnownFileType = sourcecode.swift; path = SignupViewController.swift; sourceTree = "<group>"; };
		FC9B92A5258DBDCE00207DB8 /* boardModel.swift */ = {isa = PBXFileReference; lastKnownFileType = sourcecode.swift; path = boardModel.swift; sourceTree = "<group>"; };
		FC9B92AD258DE3E900207DB8 /* ticketingDetailVC.swift */ = {isa = PBXFileReference; lastKnownFileType = sourcecode.swift; path = ticketingDetailVC.swift; sourceTree = "<group>"; };
		FC9B92B2258DEACD00207DB8 /* broadcastDetailVC.swift */ = {isa = PBXFileReference; lastKnownFileType = sourcecode.swift; path = broadcastDetailVC.swift; sourceTree = "<group>"; };
		FC9B92B7258DF2F400207DB8 /* signedPopUPVC.swift */ = {isa = PBXFileReference; lastKnownFileType = sourcecode.swift; path = signedPopUPVC.swift; sourceTree = "<group>"; };
		FC9B92DA258E19FB00207DB8 /* bestboardCell.swift */ = {isa = PBXFileReference; lastKnownFileType = sourcecode.swift; path = bestboardCell.swift; sourceTree = "<group>"; };
		FC9B92DF258E1A1B00207DB8 /* bestpetitionCell.swift */ = {isa = PBXFileReference; lastKnownFileType = sourcecode.swift; path = bestpetitionCell.swift; sourceTree = "<group>"; };
		FCA27721255A772C0042AB47 /* NanumSquareLight.ttf */ = {isa = PBXFileReference; lastKnownFileType = file; path = NanumSquareLight.ttf; sourceTree = "<group>"; };
		FCA27722255A772C0042AB47 /* NanumSquareExtraBold.ttf */ = {isa = PBXFileReference; lastKnownFileType = file; path = NanumSquareExtraBold.ttf; sourceTree = "<group>"; };
		FCA27723255A772C0042AB47 /* NanumSquareBold.ttf */ = {isa = PBXFileReference; lastKnownFileType = file; path = NanumSquareBold.ttf; sourceTree = "<group>"; };
		FCA27724255A772C0042AB47 /* NanumSquareRegular.ttf */ = {isa = PBXFileReference; lastKnownFileType = file; path = NanumSquareRegular.ttf; sourceTree = "<group>"; };
		FCA27763255A81300042AB47 /* ticketingCollectionVcell.swift */ = {isa = PBXFileReference; lastKnownFileType = sourcecode.swift; path = ticketingCollectionVcell.swift; sourceTree = "<group>"; };
		FCC2D9FC254FAD02006E5ABD /* User.swift */ = {isa = PBXFileReference; lastKnownFileType = sourcecode.swift; path = User.swift; sourceTree = "<group>"; };
		FCC9C852257A573000A7B02C /* bannerCollectionViewCell.swift */ = {isa = PBXFileReference; lastKnownFileType = sourcecode.swift; path = bannerCollectionViewCell.swift; sourceTree = "<group>"; };
		FCDBB209258FBA3700AE453C /* commentCell.swift */ = {isa = PBXFileReference; lastKnownFileType = sourcecode.swift; path = commentCell.swift; sourceTree = "<group>"; };
		FCEF1F9A2539B2A8009101C0 /* Pobby.app */ = {isa = PBXFileReference; explicitFileType = wrapper.application; includeInIndex = 0; path = Pobby.app; sourceTree = BUILT_PRODUCTS_DIR; };
		FCEF1F9D2539B2A8009101C0 /* AppDelegate.swift */ = {isa = PBXFileReference; lastKnownFileType = sourcecode.swift; path = AppDelegate.swift; sourceTree = "<group>"; };
		FCEF1F9F2539B2A8009101C0 /* SceneDelegate.swift */ = {isa = PBXFileReference; lastKnownFileType = sourcecode.swift; path = SceneDelegate.swift; sourceTree = "<group>"; };
		FCEF1FA12539B2A8009101C0 /* TabBarViewController.swift */ = {isa = PBXFileReference; lastKnownFileType = sourcecode.swift; path = TabBarViewController.swift; sourceTree = "<group>"; };
		FCEF1FA42539B2A8009101C0 /* Base */ = {isa = PBXFileReference; lastKnownFileType = file.storyboard; name = Base; path = Base.lproj/Main.storyboard; sourceTree = "<group>"; };
		FCEF1FA62539B2A8009101C0 /* Assets.xcassets */ = {isa = PBXFileReference; lastKnownFileType = folder.assetcatalog; path = Assets.xcassets; sourceTree = "<group>"; };
		FCEF1FA92539B2A8009101C0 /* Base */ = {isa = PBXFileReference; lastKnownFileType = file.storyboard; name = Base; path = Base.lproj/LaunchScreen.storyboard; sourceTree = "<group>"; };
		FCEF1FAB2539B2A8009101C0 /* Info.plist */ = {isa = PBXFileReference; lastKnownFileType = text.plist.xml; path = Info.plist; sourceTree = "<group>"; };
		FCEF1FB02539B2A8009101C0 /* PobbyTests.xctest */ = {isa = PBXFileReference; explicitFileType = wrapper.cfbundle; includeInIndex = 0; path = PobbyTests.xctest; sourceTree = BUILT_PRODUCTS_DIR; };
		FCEF1FB42539B2A9009101C0 /* PobbyTests.swift */ = {isa = PBXFileReference; lastKnownFileType = sourcecode.swift; path = PobbyTests.swift; sourceTree = "<group>"; };
		FCEF1FB62539B2A9009101C0 /* Info.plist */ = {isa = PBXFileReference; lastKnownFileType = text.plist.xml; path = Info.plist; sourceTree = "<group>"; };
		FCEF1FBB2539B2A9009101C0 /* PobbyUITests.xctest */ = {isa = PBXFileReference; explicitFileType = wrapper.cfbundle; includeInIndex = 0; path = PobbyUITests.xctest; sourceTree = BUILT_PRODUCTS_DIR; };
		FCEF1FBF2539B2A9009101C0 /* PobbyUITests.swift */ = {isa = PBXFileReference; lastKnownFileType = sourcecode.swift; path = PobbyUITests.swift; sourceTree = "<group>"; };
		FCEF1FC12539B2A9009101C0 /* Info.plist */ = {isa = PBXFileReference; lastKnownFileType = text.plist.xml; path = Info.plist; sourceTree = "<group>"; };
		FCF8C66F2590C525009B290E /* myboardVC.swift */ = {isa = PBXFileReference; lastKnownFileType = sourcecode.swift; path = myboardVC.swift; sourceTree = "<group>"; };
		FCF8C6742590C531009B290E /* mycommentVC.swift */ = {isa = PBXFileReference; lastKnownFileType = sourcecode.swift; path = mycommentVC.swift; sourceTree = "<group>"; };
		FCF8C6812590C9ED009B290E /* mycommnetCell.swift */ = {isa = PBXFileReference; lastKnownFileType = sourcecode.swift; path = mycommnetCell.swift; sourceTree = "<group>"; };
		FCF8C6862590F354009B290E /* editProfileVC.swift */ = {isa = PBXFileReference; lastKnownFileType = sourcecode.swift; path = editProfileVC.swift; sourceTree = "<group>"; };
/* End PBXFileReference section */

/* Begin PBXFrameworksBuildPhase section */
		FCEF1F972539B2A8009101C0 /* Frameworks */ = {
			isa = PBXFrameworksBuildPhase;
			buildActionMask = 2147483647;
			files = (
				DBE1888B5B8DF9FFE6CC6079 /* Pods_Pobby.framework in Frameworks */,
			);
			runOnlyForDeploymentPostprocessing = 0;
		};
		FCEF1FAD2539B2A8009101C0 /* Frameworks */ = {
			isa = PBXFrameworksBuildPhase;
			buildActionMask = 2147483647;
			files = (
				16FC9DEE90C830ED272B6CA8 /* Pods_PobbyTests.framework in Frameworks */,
			);
			runOnlyForDeploymentPostprocessing = 0;
		};
		FCEF1FB82539B2A9009101C0 /* Frameworks */ = {
			isa = PBXFrameworksBuildPhase;
			buildActionMask = 2147483647;
			files = (
				3CEDD16ED2CB6A6825BD65AE /* Pods_Pobby_PobbyUITests.framework in Frameworks */,
			);
			runOnlyForDeploymentPostprocessing = 0;
		};
/* End PBXFrameworksBuildPhase section */

/* Begin PBXGroup section */
		08227ED3E88056347DB3755E /* Frameworks */ = {
			isa = PBXGroup;
			children = (
				5B27D566EE06015F64673CE5 /* Pods_Pobby.framework */,
				8D6634C39864AE4A39A78B23 /* Pods_Pobby_PobbyUITests.framework */,
				C979E0ACAC93C1F0A7196511 /* Pods_PobbyTests.framework */,
			);
			name = Frameworks;
			sourceTree = "<group>";
		};
		944354F936C16BEAFC771986 /* Pods */ = {
			isa = PBXGroup;
			children = (
				5A36A876DC1A6D658459E6BC /* Pods-Pobby.debug.xcconfig */,
				FABF9DBC613654D79B0FF810 /* Pods-Pobby.release.xcconfig */,
				4EA654A1E54DC3D487FA5E1D /* Pods-Pobby-PobbyUITests.debug.xcconfig */,
				181F27DFF834299C22B2F766 /* Pods-Pobby-PobbyUITests.release.xcconfig */,
				DF77FD34CD63ED3379155335 /* Pods-PobbyTests.debug.xcconfig */,
				BC4A3A7E78427827A2B317BC /* Pods-PobbyTests.release.xcconfig */,
			);
			path = Pods;
			sourceTree = "<group>";
		};
		FC0D5F4B254863B8003EEEF0 /* ViewController */ = {
			isa = PBXGroup;
			children = (
				FC02B26A2547EEA200F494C1 /* WelcomeViewController.swift */,
				FC0D5F462548582F003EEEF0 /* LoginViewController.swift */,
				FCEF1FA12539B2A8009101C0 /* TabBarViewController.swift */,
				FC7A1EB025514435009A47C7 /* home */,
				FC6794B4257B262D00407A00 /* Community */,
				FCA27768255A8C210042AB47 /* petition */,
				FC12614825503F640032458A /* Signup */,
				FC7A1EBA25514C36009A47C7 /* Mypage */,
			);
			path = ViewController;
			sourceTree = "<group>";
		};
		FC12614825503F640032458A /* Signup */ = {
			isa = PBXGroup;
			children = (
				FC961BEB254C1DBD006F1AE8 /* SignupViewController.swift */,
				FC7A1EC6255151F7009A47C7 /* SetProfileViewController.swift */,
				FC7A1ECB25515222009A47C7 /* welcometopobbyVC.swift */,
			);
			path = Signup;
			sourceTree = "<group>";
		};
		FC6794B4257B262D00407A00 /* Community */ = {
			isa = PBXGroup;
			children = (
				FC6794D9257B392100407A00 /* LoadingCell */,
				FC6794AF257B262200407A00 /* CommunityVC.swift */,
				FC6794DE257B392100407A00 /* TableViewItemCell.swift */,
				FCDBB209258FBA3700AE453C /* commentCell.swift */,
				FC0951A8258F3555000C2905 /* boardDetailVC.swift */,
				FC9B92A5258DBDCE00207DB8 /* boardModel.swift */,
				FC571BA6259049240060F7BF /* insertboardVC.swift */,
			);
			path = Community;
			sourceTree = "<group>";
		};
		FC6794D9257B392100407A00 /* LoadingCell */ = {
			isa = PBXGroup;
			children = (
				FC6794DA257B392100407A00 /* LoadingCell.xib */,
				FC6794DB257B392100407A00 /* LoadingCell.swift */,
			);
			path = LoadingCell;
			sourceTree = "<group>";
		};
		FC7A1EB025514435009A47C7 /* home */ = {
			isa = PBXGroup;
			children = (
				FC7A1EB2255144AB009A47C7 /* HomeViewController.swift */,
				FC6DA5B1258D049B00C8A694 /* HomeModel.swift */,
				FCC9C852257A573000A7B02C /* bannerCollectionViewCell.swift */,
				FCA27763255A81300042AB47 /* ticketingCollectionVcell.swift */,
				FC86A846256CCF0600D37C21 /* broadcastingCollectionVcell.swift */,
				FC9B92DF258E1A1B00207DB8 /* bestpetitionCell.swift */,
				FC9B92DA258E19FB00207DB8 /* bestboardCell.swift */,
				FC9B92AD258DE3E900207DB8 /* ticketingDetailVC.swift */,
				FC9B92B2258DEACD00207DB8 /* broadcastDetailVC.swift */,
			);
			path = home;
			sourceTree = "<group>";
		};
		FC7A1EBA25514C36009A47C7 /* Mypage */ = {
			isa = PBXGroup;
			children = (
				FC7A1EBB25514C4F009A47C7 /* MypageViewController.swift */,
				FCF8C6862590F354009B290E /* editProfileVC.swift */,
				FCF8C6812590C9ED009B290E /* mycommnetCell.swift */,
				FCF8C6742590C531009B290E /* mycommentVC.swift */,
				FCF8C66F2590C525009B290E /* myboardVC.swift */,
			);
			path = Mypage;
			sourceTree = "<group>";
		};
		FC961BC9254BB835006F1AE8 /* Font */ = {
			isa = PBXGroup;
			children = (
				FC961BCE254BB97C006F1AE8 /* Cafe24Ohsquareair.ttf */,
				FC961BCB254BB93A006F1AE8 /* NanumSquareRoundB.ttf */,
				FC961BCC254BB93A006F1AE8 /* NanumSquareRoundEB.ttf */,
				FC961BCA254BB93A006F1AE8 /* NanumSquareRoundL.ttf */,
				FC961BCD254BB93A006F1AE8 /* NanumSquareRoundR.ttf */,
				FCA27723255A772C0042AB47 /* NanumSquareBold.ttf */,
				FCA27722255A772C0042AB47 /* NanumSquareExtraBold.ttf */,
				FCA27721255A772C0042AB47 /* NanumSquareLight.ttf */,
				FCA27724255A772C0042AB47 /* NanumSquareRegular.ttf */,
			);
			name = Font;
			sourceTree = "<group>";
		};
		FCA27768255A8C210042AB47 /* petition */ = {
			isa = PBXGroup;
			children = (
				FC74F7E5255E4CE7000E989D /* PetitionVC.swift */,
				FC74F7F0255E72BD000E989D /* PetitionModel.swift */,
				FC877BB425601F6B004BD7EB /* PetitionDetailVC.swift */,
				FC74F7EA255E5498000E989D /* PetitionCell.swift */,
				FC9B92B7258DF2F400207DB8 /* signedPopUPVC.swift */,
				FC74F7F8255E78BB000E989D /* WritePetitionVC.swift */,
			);
			path = petition;
			sourceTree = "<group>";
		};
		FCC2D9FB254FACCD006E5ABD /* Model */ = {
			isa = PBXGroup;
			children = (
				FCC2D9FC254FAD02006E5ABD /* User.swift */,
			);
			path = Model;
			sourceTree = "<group>";
		};
		FCEF1F912539B2A8009101C0 = {
			isa = PBXGroup;
			children = (
				FCEF1F9C2539B2A8009101C0 /* Pobby */,
				FCEF1FB32539B2A9009101C0 /* PobbyTests */,
				FCEF1FBE2539B2A9009101C0 /* PobbyUITests */,
				FCEF1F9B2539B2A8009101C0 /* Products */,
				944354F936C16BEAFC771986 /* Pods */,
				08227ED3E88056347DB3755E /* Frameworks */,
			);
			sourceTree = "<group>";
		};
		FCEF1F9B2539B2A8009101C0 /* Products */ = {
			isa = PBXGroup;
			children = (
				FCEF1F9A2539B2A8009101C0 /* Pobby.app */,
				FCEF1FB02539B2A8009101C0 /* PobbyTests.xctest */,
				FCEF1FBB2539B2A9009101C0 /* PobbyUITests.xctest */,
			);
			name = Products;
			sourceTree = "<group>";
		};
		FCEF1F9C2539B2A8009101C0 /* Pobby */ = {
			isa = PBXGroup;
			children = (
				FCC2D9FB254FACCD006E5ABD /* Model */,
				FC0D5F4B254863B8003EEEF0 /* ViewController */,
				FC961BC9254BB835006F1AE8 /* Font */,
				FCEF1F9D2539B2A8009101C0 /* AppDelegate.swift */,
				FCEF1F9F2539B2A8009101C0 /* SceneDelegate.swift */,
				FCEF1FA32539B2A8009101C0 /* Main.storyboard */,
				FCEF1FA62539B2A8009101C0 /* Assets.xcassets */,
				FCEF1FA82539B2A8009101C0 /* LaunchScreen.storyboard */,
				FC3804F82539B3F4009082F3 /* GoogleService-Info.plist */,
				FCEF1FAB2539B2A8009101C0 /* Info.plist */,
			);
			path = Pobby;
			sourceTree = "<group>";
		};
		FCEF1FB32539B2A9009101C0 /* PobbyTests */ = {
			isa = PBXGroup;
			children = (
				FCEF1FB42539B2A9009101C0 /* PobbyTests.swift */,
				FCEF1FB62539B2A9009101C0 /* Info.plist */,
			);
			path = PobbyTests;
			sourceTree = "<group>";
		};
		FCEF1FBE2539B2A9009101C0 /* PobbyUITests */ = {
			isa = PBXGroup;
			children = (
				FCEF1FBF2539B2A9009101C0 /* PobbyUITests.swift */,
				FCEF1FC12539B2A9009101C0 /* Info.plist */,
			);
			path = PobbyUITests;
			sourceTree = "<group>";
		};
/* End PBXGroup section */

/* Begin PBXNativeTarget section */
		FCEF1F992539B2A8009101C0 /* Pobby */ = {
			isa = PBXNativeTarget;
			buildConfigurationList = FCEF1FC42539B2A9009101C0 /* Build configuration list for PBXNativeTarget "Pobby" */;
			buildPhases = (
				90E818C2791094395784CA16 /* [CP] Check Pods Manifest.lock */,
				FCEF1F962539B2A8009101C0 /* Sources */,
				FCEF1F972539B2A8009101C0 /* Frameworks */,
				FCEF1F982539B2A8009101C0 /* Resources */,
				E68A0E52132E834453029BDF /* [CP] Embed Pods Frameworks */,
			);
			buildRules = (
			);
			dependencies = (
			);
			name = Pobby;
			productName = Pobby;
			productReference = FCEF1F9A2539B2A8009101C0 /* Pobby.app */;
			productType = "com.apple.product-type.application";
		};
		FCEF1FAF2539B2A8009101C0 /* PobbyTests */ = {
			isa = PBXNativeTarget;
			buildConfigurationList = FCEF1FC72539B2A9009101C0 /* Build configuration list for PBXNativeTarget "PobbyTests" */;
			buildPhases = (
				0BBE9F39B999103B734C6A48 /* [CP] Check Pods Manifest.lock */,
				FCEF1FAC2539B2A8009101C0 /* Sources */,
				FCEF1FAD2539B2A8009101C0 /* Frameworks */,
				FCEF1FAE2539B2A8009101C0 /* Resources */,
			);
			buildRules = (
			);
			dependencies = (
				FCEF1FB22539B2A8009101C0 /* PBXTargetDependency */,
			);
			name = PobbyTests;
			productName = PobbyTests;
			productReference = FCEF1FB02539B2A8009101C0 /* PobbyTests.xctest */;
			productType = "com.apple.product-type.bundle.unit-test";
		};
		FCEF1FBA2539B2A9009101C0 /* PobbyUITests */ = {
			isa = PBXNativeTarget;
			buildConfigurationList = FCEF1FCA2539B2A9009101C0 /* Build configuration list for PBXNativeTarget "PobbyUITests" */;
			buildPhases = (
				6B601013E8789CCA13B549B9 /* [CP] Check Pods Manifest.lock */,
				FCEF1FB72539B2A9009101C0 /* Sources */,
				FCEF1FB82539B2A9009101C0 /* Frameworks */,
				FCEF1FB92539B2A9009101C0 /* Resources */,
				F125786F50D1318E1C4947FC /* [CP] Embed Pods Frameworks */,
			);
			buildRules = (
			);
			dependencies = (
				FCEF1FBD2539B2A9009101C0 /* PBXTargetDependency */,
			);
			name = PobbyUITests;
			productName = PobbyUITests;
			productReference = FCEF1FBB2539B2A9009101C0 /* PobbyUITests.xctest */;
			productType = "com.apple.product-type.bundle.ui-testing";
		};
/* End PBXNativeTarget section */

/* Begin PBXProject section */
		FCEF1F922539B2A8009101C0 /* Project object */ = {
			isa = PBXProject;
			attributes = {
				LastSwiftUpdateCheck = 1200;
				LastUpgradeCheck = 1200;
				TargetAttributes = {
					FCEF1F992539B2A8009101C0 = {
						CreatedOnToolsVersion = 12.0.1;
					};
					FCEF1FAF2539B2A8009101C0 = {
						CreatedOnToolsVersion = 12.0.1;
						TestTargetID = FCEF1F992539B2A8009101C0;
					};
					FCEF1FBA2539B2A9009101C0 = {
						CreatedOnToolsVersion = 12.0.1;
						TestTargetID = FCEF1F992539B2A8009101C0;
					};
				};
			};
			buildConfigurationList = FCEF1F952539B2A8009101C0 /* Build configuration list for PBXProject "Pobby" */;
			compatibilityVersion = "Xcode 9.3";
			developmentRegion = en;
			hasScannedForEncodings = 0;
			knownRegions = (
				en,
				Base,
			);
			mainGroup = FCEF1F912539B2A8009101C0;
			productRefGroup = FCEF1F9B2539B2A8009101C0 /* Products */;
			projectDirPath = "";
			projectRoot = "";
			targets = (
				FCEF1F992539B2A8009101C0 /* Pobby */,
				FCEF1FAF2539B2A8009101C0 /* PobbyTests */,
				FCEF1FBA2539B2A9009101C0 /* PobbyUITests */,
			);
		};
/* End PBXProject section */

/* Begin PBXResourcesBuildPhase section */
		FCEF1F982539B2A8009101C0 /* Resources */ = {
			isa = PBXResourcesBuildPhase;
			buildActionMask = 2147483647;
			files = (
				FC961BCF254BBAA6006F1AE8 /* Cafe24Ohsquareair.ttf in Resources */,
				FC961BD4254BBAAA006F1AE8 /* NanumSquareRoundEB.ttf in Resources */,
				FCEF1FAA2539B2A8009101C0 /* LaunchScreen.storyboard in Resources */,
				FC3804F92539B3F4009082F3 /* GoogleService-Info.plist in Resources */,
				FCEF1FA72539B2A8009101C0 /* Assets.xcassets in Resources */,
				FC961BDC254BBAAE006F1AE8 /* NanumSquareRoundR.ttf in Resources */,
				FC961BD8254BBAAC006F1AE8 /* NanumSquareRoundL.ttf in Resources */,
				FCEF1FA52539B2A8009101C0 /* Main.storyboard in Resources */,
				FC6794DF257B392100407A00 /* LoadingCell.xib in Resources */,
				FC961BD3254BBAA8006F1AE8 /* NanumSquareRoundB.ttf in Resources */,
			);
			runOnlyForDeploymentPostprocessing = 0;
		};
		FCEF1FAE2539B2A8009101C0 /* Resources */ = {
			isa = PBXResourcesBuildPhase;
			buildActionMask = 2147483647;
			files = (
			);
			runOnlyForDeploymentPostprocessing = 0;
		};
		FCEF1FB92539B2A9009101C0 /* Resources */ = {
			isa = PBXResourcesBuildPhase;
			buildActionMask = 2147483647;
			files = (
			);
			runOnlyForDeploymentPostprocessing = 0;
		};
/* End PBXResourcesBuildPhase section */

/* Begin PBXShellScriptBuildPhase section */
		0BBE9F39B999103B734C6A48 /* [CP] Check Pods Manifest.lock */ = {
			isa = PBXShellScriptBuildPhase;
			buildActionMask = 2147483647;
			files = (
			);
			inputFileListPaths = (
			);
			inputPaths = (
				"${PODS_PODFILE_DIR_PATH}/Podfile.lock",
				"${PODS_ROOT}/Manifest.lock",
			);
			name = "[CP] Check Pods Manifest.lock";
			outputFileListPaths = (
			);
			outputPaths = (
				"$(DERIVED_FILE_DIR)/Pods-PobbyTests-checkManifestLockResult.txt",
			);
			runOnlyForDeploymentPostprocessing = 0;
			shellPath = /bin/sh;
			shellScript = "diff \"${PODS_PODFILE_DIR_PATH}/Podfile.lock\" \"${PODS_ROOT}/Manifest.lock\" > /dev/null\nif [ $? != 0 ] ; then\n    # print error to STDERR\n    echo \"error: The sandbox is not in sync with the Podfile.lock. Run 'pod install' or update your CocoaPods installation.\" >&2\n    exit 1\nfi\n# This output is used by Xcode 'outputs' to avoid re-running this script phase.\necho \"SUCCESS\" > \"${SCRIPT_OUTPUT_FILE_0}\"\n";
			showEnvVarsInLog = 0;
		};
		6B601013E8789CCA13B549B9 /* [CP] Check Pods Manifest.lock */ = {
			isa = PBXShellScriptBuildPhase;
			buildActionMask = 2147483647;
			files = (
			);
			inputFileListPaths = (
			);
			inputPaths = (
				"${PODS_PODFILE_DIR_PATH}/Podfile.lock",
				"${PODS_ROOT}/Manifest.lock",
			);
			name = "[CP] Check Pods Manifest.lock";
			outputFileListPaths = (
			);
			outputPaths = (
				"$(DERIVED_FILE_DIR)/Pods-Pobby-PobbyUITests-checkManifestLockResult.txt",
			);
			runOnlyForDeploymentPostprocessing = 0;
			shellPath = /bin/sh;
			shellScript = "diff \"${PODS_PODFILE_DIR_PATH}/Podfile.lock\" \"${PODS_ROOT}/Manifest.lock\" > /dev/null\nif [ $? != 0 ] ; then\n    # print error to STDERR\n    echo \"error: The sandbox is not in sync with the Podfile.lock. Run 'pod install' or update your CocoaPods installation.\" >&2\n    exit 1\nfi\n# This output is used by Xcode 'outputs' to avoid re-running this script phase.\necho \"SUCCESS\" > \"${SCRIPT_OUTPUT_FILE_0}\"\n";
			showEnvVarsInLog = 0;
		};
		90E818C2791094395784CA16 /* [CP] Check Pods Manifest.lock */ = {
			isa = PBXShellScriptBuildPhase;
			buildActionMask = 2147483647;
			files = (
			);
			inputFileListPaths = (
			);
			inputPaths = (
				"${PODS_PODFILE_DIR_PATH}/Podfile.lock",
				"${PODS_ROOT}/Manifest.lock",
			);
			name = "[CP] Check Pods Manifest.lock";
			outputFileListPaths = (
			);
			outputPaths = (
				"$(DERIVED_FILE_DIR)/Pods-Pobby-checkManifestLockResult.txt",
			);
			runOnlyForDeploymentPostprocessing = 0;
			shellPath = /bin/sh;
			shellScript = "diff \"${PODS_PODFILE_DIR_PATH}/Podfile.lock\" \"${PODS_ROOT}/Manifest.lock\" > /dev/null\nif [ $? != 0 ] ; then\n    # print error to STDERR\n    echo \"error: The sandbox is not in sync with the Podfile.lock. Run 'pod install' or update your CocoaPods installation.\" >&2\n    exit 1\nfi\n# This output is used by Xcode 'outputs' to avoid re-running this script phase.\necho \"SUCCESS\" > \"${SCRIPT_OUTPUT_FILE_0}\"\n";
			showEnvVarsInLog = 0;
		};
		E68A0E52132E834453029BDF /* [CP] Embed Pods Frameworks */ = {
			isa = PBXShellScriptBuildPhase;
			buildActionMask = 2147483647;
			files = (
			);
			inputFileListPaths = (
				"${PODS_ROOT}/Target Support Files/Pods-Pobby/Pods-Pobby-frameworks-${CONFIGURATION}-input-files.xcfilelist",
			);
			name = "[CP] Embed Pods Frameworks";
			outputFileListPaths = (
				"${PODS_ROOT}/Target Support Files/Pods-Pobby/Pods-Pobby-frameworks-${CONFIGURATION}-output-files.xcfilelist",
			);
			runOnlyForDeploymentPostprocessing = 0;
			shellPath = /bin/sh;
			shellScript = "\"${PODS_ROOT}/Target Support Files/Pods-Pobby/Pods-Pobby-frameworks.sh\"\n";
			showEnvVarsInLog = 0;
		};
		F125786F50D1318E1C4947FC /* [CP] Embed Pods Frameworks */ = {
			isa = PBXShellScriptBuildPhase;
			buildActionMask = 2147483647;
			files = (
			);
			inputFileListPaths = (
				"${PODS_ROOT}/Target Support Files/Pods-Pobby-PobbyUITests/Pods-Pobby-PobbyUITests-frameworks-${CONFIGURATION}-input-files.xcfilelist",
			);
			name = "[CP] Embed Pods Frameworks";
			outputFileListPaths = (
				"${PODS_ROOT}/Target Support Files/Pods-Pobby-PobbyUITests/Pods-Pobby-PobbyUITests-frameworks-${CONFIGURATION}-output-files.xcfilelist",
			);
			runOnlyForDeploymentPostprocessing = 0;
			shellPath = /bin/sh;
			shellScript = "\"${PODS_ROOT}/Target Support Files/Pods-Pobby-PobbyUITests/Pods-Pobby-PobbyUITests-frameworks.sh\"\n";
			showEnvVarsInLog = 0;
		};
/* End PBXShellScriptBuildPhase section */

/* Begin PBXSourcesBuildPhase section */
		FCEF1F962539B2A8009101C0 /* Sources */ = {
			isa = PBXSourcesBuildPhase;
			buildActionMask = 2147483647;
			files = (
				FC0951A9258F3555000C2905 /* boardDetailVC.swift in Sources */,
				FC74F7E6255E4CE7000E989D /* PetitionVC.swift in Sources */,
				FC9B92AE258DE3E900207DB8 /* ticketingDetailVC.swift in Sources */,
				FC74F7F9255E78BB000E989D /* WritePetitionVC.swift in Sources */,
				FC571BA7259049240060F7BF /* insertboardVC.swift in Sources */,
				FC961BEC254C1DBD006F1AE8 /* SignupViewController.swift in Sources */,
				FCF8C6752590C531009B290E /* mycommentVC.swift in Sources */,
				FCF8C6822590C9ED009B290E /* mycommnetCell.swift in Sources */,
				FC9B92DB258E19FB00207DB8 /* bestboardCell.swift in Sources */,
				FCDBB20A258FBA3700AE453C /* commentCell.swift in Sources */,
				FC6794B0257B262200407A00 /* CommunityVC.swift in Sources */,
				FC9B92A6258DBDCE00207DB8 /* boardModel.swift in Sources */,
				FC9B92E0258E1A1B00207DB8 /* bestpetitionCell.swift in Sources */,
				FC86A847256CCF0600D37C21 /* broadcastingCollectionVcell.swift in Sources */,
				FCC9C853257A573000A7B02C /* bannerCollectionViewCell.swift in Sources */,
				FCEF1FA22539B2A8009101C0 /* TabBarViewController.swift in Sources */,
				FC74F7EB255E5498000E989D /* PetitionCell.swift in Sources */,
				FC02B26B2547EEA200F494C1 /* WelcomeViewController.swift in Sources */,
				FCF8C6872590F354009B290E /* editProfileVC.swift in Sources */,
				FC7A1EB3255144AB009A47C7 /* HomeViewController.swift in Sources */,
				FCC2D9FD254FAD02006E5ABD /* User.swift in Sources */,
				FCEF1F9E2539B2A8009101C0 /* AppDelegate.swift in Sources */,
				FC0D5F472548582F003EEEF0 /* LoginViewController.swift in Sources */,
				FC877BB525601F6B004BD7EB /* PetitionDetailVC.swift in Sources */,
				FC6794E2257B392100407A00 /* TableViewItemCell.swift in Sources */,
				FC7A1EC7255151F7009A47C7 /* SetProfileViewController.swift in Sources */,
				FC74F7F1255E72BD000E989D /* PetitionModel.swift in Sources */,
				FCF8C6702590C525009B290E /* myboardVC.swift in Sources */,
				FCA27764255A81300042AB47 /* ticketingCollectionVcell.swift in Sources */,
				FC7A1ECC25515222009A47C7 /* welcometopobbyVC.swift in Sources */,
				FC6DA5B2258D049B00C8A694 /* HomeModel.swift in Sources */,
				FC6794E0257B392100407A00 /* LoadingCell.swift in Sources */,
				FC9B92B3258DEACD00207DB8 /* broadcastDetailVC.swift in Sources */,
				FCEF1FA02539B2A8009101C0 /* SceneDelegate.swift in Sources */,
				FC9B92B8258DF2F400207DB8 /* signedPopUPVC.swift in Sources */,
				FC7A1EBC25514C4F009A47C7 /* MypageViewController.swift in Sources */,
			);
			runOnlyForDeploymentPostprocessing = 0;
		};
		FCEF1FAC2539B2A8009101C0 /* Sources */ = {
			isa = PBXSourcesBuildPhase;
			buildActionMask = 2147483647;
			files = (
				FCEF1FB52539B2A9009101C0 /* PobbyTests.swift in Sources */,
			);
			runOnlyForDeploymentPostprocessing = 0;
		};
		FCEF1FB72539B2A9009101C0 /* Sources */ = {
			isa = PBXSourcesBuildPhase;
			buildActionMask = 2147483647;
			files = (
				FCEF1FC02539B2A9009101C0 /* PobbyUITests.swift in Sources */,
			);
			runOnlyForDeploymentPostprocessing = 0;
		};
/* End PBXSourcesBuildPhase section */

/* Begin PBXTargetDependency section */
		FCEF1FB22539B2A8009101C0 /* PBXTargetDependency */ = {
			isa = PBXTargetDependency;
			target = FCEF1F992539B2A8009101C0 /* Pobby */;
			targetProxy = FCEF1FB12539B2A8009101C0 /* PBXContainerItemProxy */;
		};
		FCEF1FBD2539B2A9009101C0 /* PBXTargetDependency */ = {
			isa = PBXTargetDependency;
			target = FCEF1F992539B2A8009101C0 /* Pobby */;
			targetProxy = FCEF1FBC2539B2A9009101C0 /* PBXContainerItemProxy */;
		};
/* End PBXTargetDependency section */

/* Begin PBXVariantGroup section */
		FCEF1FA32539B2A8009101C0 /* Main.storyboard */ = {
			isa = PBXVariantGroup;
			children = (
				FCEF1FA42539B2A8009101C0 /* Base */,
			);
			name = Main.storyboard;
			sourceTree = "<group>";
		};
		FCEF1FA82539B2A8009101C0 /* LaunchScreen.storyboard */ = {
			isa = PBXVariantGroup;
			children = (
				FCEF1FA92539B2A8009101C0 /* Base */,
			);
			name = LaunchScreen.storyboard;
			sourceTree = "<group>";
		};
/* End PBXVariantGroup section */

/* Begin XCBuildConfiguration section */
		FCEF1FC22539B2A9009101C0 /* Debug */ = {
			isa = XCBuildConfiguration;
			buildSettings = {
				ALWAYS_SEARCH_USER_PATHS = NO;
				CLANG_ANALYZER_NONNULL = YES;
				CLANG_ANALYZER_NUMBER_OBJECT_CONVERSION = YES_AGGRESSIVE;
				CLANG_CXX_LANGUAGE_STANDARD = "gnu++14";
				CLANG_CXX_LIBRARY = "libc++";
				CLANG_ENABLE_MODULES = YES;
				CLANG_ENABLE_OBJC_ARC = YES;
				CLANG_ENABLE_OBJC_WEAK = YES;
				CLANG_WARN_BLOCK_CAPTURE_AUTORELEASING = YES;
				CLANG_WARN_BOOL_CONVERSION = YES;
				CLANG_WARN_COMMA = YES;
				CLANG_WARN_CONSTANT_CONVERSION = YES;
				CLANG_WARN_DEPRECATED_OBJC_IMPLEMENTATIONS = YES;
				CLANG_WARN_DIRECT_OBJC_ISA_USAGE = YES_ERROR;
				CLANG_WARN_DOCUMENTATION_COMMENTS = YES;
				CLANG_WARN_EMPTY_BODY = YES;
				CLANG_WARN_ENUM_CONVERSION = YES;
				CLANG_WARN_INFINITE_RECURSION = YES;
				CLANG_WARN_INT_CONVERSION = YES;
				CLANG_WARN_NON_LITERAL_NULL_CONVERSION = YES;
				CLANG_WARN_OBJC_IMPLICIT_RETAIN_SELF = YES;
				CLANG_WARN_OBJC_LITERAL_CONVERSION = YES;
				CLANG_WARN_OBJC_ROOT_CLASS = YES_ERROR;
				CLANG_WARN_QUOTED_INCLUDE_IN_FRAMEWORK_HEADER = YES;
				CLANG_WARN_RANGE_LOOP_ANALYSIS = YES;
				CLANG_WARN_STRICT_PROTOTYPES = YES;
				CLANG_WARN_SUSPICIOUS_MOVE = YES;
				CLANG_WARN_UNGUARDED_AVAILABILITY = YES_AGGRESSIVE;
				CLANG_WARN_UNREACHABLE_CODE = YES;
				CLANG_WARN__DUPLICATE_METHOD_MATCH = YES;
				COPY_PHASE_STRIP = NO;
				DEBUG_INFORMATION_FORMAT = dwarf;
				ENABLE_STRICT_OBJC_MSGSEND = YES;
				ENABLE_TESTABILITY = YES;
				GCC_C_LANGUAGE_STANDARD = gnu11;
				GCC_DYNAMIC_NO_PIC = NO;
				GCC_NO_COMMON_BLOCKS = YES;
				GCC_OPTIMIZATION_LEVEL = 0;
				GCC_PREPROCESSOR_DEFINITIONS = (
					"DEBUG=1",
					"$(inherited)",
				);
				GCC_WARN_64_TO_32_BIT_CONVERSION = YES;
				GCC_WARN_ABOUT_RETURN_TYPE = YES_ERROR;
				GCC_WARN_UNDECLARED_SELECTOR = YES;
				GCC_WARN_UNINITIALIZED_AUTOS = YES_AGGRESSIVE;
				GCC_WARN_UNUSED_FUNCTION = YES;
				GCC_WARN_UNUSED_VARIABLE = YES;
				IPHONEOS_DEPLOYMENT_TARGET = 14.0;
				MTL_ENABLE_DEBUG_INFO = INCLUDE_SOURCE;
				MTL_FAST_MATH = YES;
				ONLY_ACTIVE_ARCH = YES;
				SDKROOT = iphoneos;
				SWIFT_ACTIVE_COMPILATION_CONDITIONS = DEBUG;
				SWIFT_OPTIMIZATION_LEVEL = "-Onone";
				SWIFT_VERSION = 5.0;
			};
			name = Debug;
		};
		FCEF1FC32539B2A9009101C0 /* Release */ = {
			isa = XCBuildConfiguration;
			buildSettings = {
				ALWAYS_SEARCH_USER_PATHS = NO;
				CLANG_ANALYZER_NONNULL = YES;
				CLANG_ANALYZER_NUMBER_OBJECT_CONVERSION = YES_AGGRESSIVE;
				CLANG_CXX_LANGUAGE_STANDARD = "gnu++14";
				CLANG_CXX_LIBRARY = "libc++";
				CLANG_ENABLE_MODULES = YES;
				CLANG_ENABLE_OBJC_ARC = YES;
				CLANG_ENABLE_OBJC_WEAK = YES;
				CLANG_WARN_BLOCK_CAPTURE_AUTORELEASING = YES;
				CLANG_WARN_BOOL_CONVERSION = YES;
				CLANG_WARN_COMMA = YES;
				CLANG_WARN_CONSTANT_CONVERSION = YES;
				CLANG_WARN_DEPRECATED_OBJC_IMPLEMENTATIONS = YES;
				CLANG_WARN_DIRECT_OBJC_ISA_USAGE = YES_ERROR;
				CLANG_WARN_DOCUMENTATION_COMMENTS = YES;
				CLANG_WARN_EMPTY_BODY = YES;
				CLANG_WARN_ENUM_CONVERSION = YES;
				CLANG_WARN_INFINITE_RECURSION = YES;
				CLANG_WARN_INT_CONVERSION = YES;
				CLANG_WARN_NON_LITERAL_NULL_CONVERSION = YES;
				CLANG_WARN_OBJC_IMPLICIT_RETAIN_SELF = YES;
				CLANG_WARN_OBJC_LITERAL_CONVERSION = YES;
				CLANG_WARN_OBJC_ROOT_CLASS = YES_ERROR;
				CLANG_WARN_QUOTED_INCLUDE_IN_FRAMEWORK_HEADER = YES;
				CLANG_WARN_RANGE_LOOP_ANALYSIS = YES;
				CLANG_WARN_STRICT_PROTOTYPES = YES;
				CLANG_WARN_SUSPICIOUS_MOVE = YES;
				CLANG_WARN_UNGUARDED_AVAILABILITY = YES_AGGRESSIVE;
				CLANG_WARN_UNREACHABLE_CODE = YES;
				CLANG_WARN__DUPLICATE_METHOD_MATCH = YES;
				COPY_PHASE_STRIP = NO;
				DEBUG_INFORMATION_FORMAT = "dwarf-with-dsym";
				ENABLE_NS_ASSERTIONS = NO;
				ENABLE_STRICT_OBJC_MSGSEND = YES;
				GCC_C_LANGUAGE_STANDARD = gnu11;
				GCC_NO_COMMON_BLOCKS = YES;
				GCC_WARN_64_TO_32_BIT_CONVERSION = YES;
				GCC_WARN_ABOUT_RETURN_TYPE = YES_ERROR;
				GCC_WARN_UNDECLARED_SELECTOR = YES;
				GCC_WARN_UNINITIALIZED_AUTOS = YES_AGGRESSIVE;
				GCC_WARN_UNUSED_FUNCTION = YES;
				GCC_WARN_UNUSED_VARIABLE = YES;
				IPHONEOS_DEPLOYMENT_TARGET = 14.0;
				MTL_ENABLE_DEBUG_INFO = NO;
				MTL_FAST_MATH = YES;
				SDKROOT = iphoneos;
				SWIFT_COMPILATION_MODE = wholemodule;
				SWIFT_OPTIMIZATION_LEVEL = "-O";
				SWIFT_VERSION = 5.0;
				VALIDATE_PRODUCT = YES;
			};
			name = Release;
		};
		FCEF1FC52539B2A9009101C0 /* Debug */ = {
			isa = XCBuildConfiguration;
			baseConfigurationReference = 5A36A876DC1A6D658459E6BC /* Pods-Pobby.debug.xcconfig */;
			buildSettings = {
				ASSETCATALOG_COMPILER_APPICON_NAME = AppIcon;
				ASSETCATALOG_COMPILER_GLOBAL_ACCENT_COLOR_NAME = AccentColor;
				CODE_SIGN_STYLE = Automatic;
				DEVELOPMENT_TEAM = 9DGN7522H6;
				INFOPLIST_FILE = Pobby/Info.plist;
				LD_RUNPATH_SEARCH_PATHS = (
					"$(inherited)",
					"@executable_path/Frameworks",
				);
				PRODUCT_BUNDLE_IDENTIFIER = MINJU.Pobby;
				PRODUCT_NAME = "$(TARGET_NAME)";
				SWIFT_VERSION = 5.0;
				TARGETED_DEVICE_FAMILY = "1,2";
			};
			name = Debug;
		};
		FCEF1FC62539B2A9009101C0 /* Release */ = {
			isa = XCBuildConfiguration;
			baseConfigurationReference = FABF9DBC613654D79B0FF810 /* Pods-Pobby.release.xcconfig */;
			buildSettings = {
				ASSETCATALOG_COMPILER_APPICON_NAME = AppIcon;
				ASSETCATALOG_COMPILER_GLOBAL_ACCENT_COLOR_NAME = AccentColor;
				CODE_SIGN_STYLE = Automatic;
				DEVELOPMENT_TEAM = 9DGN7522H6;
				INFOPLIST_FILE = Pobby/Info.plist;
				LD_RUNPATH_SEARCH_PATHS = (
					"$(inherited)",
					"@executable_path/Frameworks",
				);
				PRODUCT_BUNDLE_IDENTIFIER = MINJU.Pobby;
				PRODUCT_NAME = "$(TARGET_NAME)";
				SWIFT_VERSION = 5.0;
				TARGETED_DEVICE_FAMILY = "1,2";
			};
			name = Release;
		};
		FCEF1FC82539B2A9009101C0 /* Debug */ = {
			isa = XCBuildConfiguration;
			baseConfigurationReference = DF77FD34CD63ED3379155335 /* Pods-PobbyTests.debug.xcconfig */;
			buildSettings = {
				ALWAYS_EMBED_SWIFT_STANDARD_LIBRARIES = YES;
				BUNDLE_LOADER = "$(TEST_HOST)";
				CODE_SIGN_STYLE = Automatic;
				DEVELOPMENT_TEAM = 9DGN7522H6;
				INFOPLIST_FILE = PobbyTests/Info.plist;
				IPHONEOS_DEPLOYMENT_TARGET = 14.0;
				LD_RUNPATH_SEARCH_PATHS = (
					"$(inherited)",
					"@executable_path/Frameworks",
					"@loader_path/Frameworks",
				);
				PRODUCT_BUNDLE_IDENTIFIER = MINJU.PobbyTests;
				PRODUCT_NAME = "$(TARGET_NAME)";
				SWIFT_VERSION = 5.0;
				TARGETED_DEVICE_FAMILY = "1,2";
				TEST_HOST = "$(BUILT_PRODUCTS_DIR)/Pobby.app/Pobby";
			};
			name = Debug;
		};
		FCEF1FC92539B2A9009101C0 /* Release */ = {
			isa = XCBuildConfiguration;
			baseConfigurationReference = BC4A3A7E78427827A2B317BC /* Pods-PobbyTests.release.xcconfig */;
			buildSettings = {
				ALWAYS_EMBED_SWIFT_STANDARD_LIBRARIES = YES;
				BUNDLE_LOADER = "$(TEST_HOST)";
				CODE_SIGN_STYLE = Automatic;
				DEVELOPMENT_TEAM = 9DGN7522H6;
				INFOPLIST_FILE = PobbyTests/Info.plist;
				IPHONEOS_DEPLOYMENT_TARGET = 14.0;
				LD_RUNPATH_SEARCH_PATHS = (
					"$(inherited)",
					"@executable_path/Frameworks",
					"@loader_path/Frameworks",
				);
				PRODUCT_BUNDLE_IDENTIFIER = MINJU.PobbyTests;
				PRODUCT_NAME = "$(TARGET_NAME)";
				SWIFT_VERSION = 5.0;
				TARGETED_DEVICE_FAMILY = "1,2";
				TEST_HOST = "$(BUILT_PRODUCTS_DIR)/Pobby.app/Pobby";
			};
			name = Release;
		};
		FCEF1FCB2539B2A9009101C0 /* Debug */ = {
			isa = XCBuildConfiguration;
			baseConfigurationReference = 4EA654A1E54DC3D487FA5E1D /* Pods-Pobby-PobbyUITests.debug.xcconfig */;
			buildSettings = {
				ALWAYS_EMBED_SWIFT_STANDARD_LIBRARIES = YES;
				CODE_SIGN_STYLE = Automatic;
				DEVELOPMENT_TEAM = 9DGN7522H6;
				INFOPLIST_FILE = PobbyUITests/Info.plist;
				LD_RUNPATH_SEARCH_PATHS = (
					"$(inherited)",
					"@executable_path/Frameworks",
					"@loader_path/Frameworks",
				);
				PRODUCT_BUNDLE_IDENTIFIER = MINJU.PobbyUITests;
				PRODUCT_NAME = "$(TARGET_NAME)";
				SWIFT_VERSION = 5.0;
				TARGETED_DEVICE_FAMILY = "1,2";
				TEST_TARGET_NAME = Pobby;
			};
			name = Debug;
		};
		FCEF1FCC2539B2A9009101C0 /* Release */ = {
			isa = XCBuildConfiguration;
			baseConfigurationReference = 181F27DFF834299C22B2F766 /* Pods-Pobby-PobbyUITests.release.xcconfig */;
			buildSettings = {
				ALWAYS_EMBED_SWIFT_STANDARD_LIBRARIES = YES;
				CODE_SIGN_STYLE = Automatic;
				DEVELOPMENT_TEAM = 9DGN7522H6;
				INFOPLIST_FILE = PobbyUITests/Info.plist;
				LD_RUNPATH_SEARCH_PATHS = (
					"$(inherited)",
					"@executable_path/Frameworks",
					"@loader_path/Frameworks",
				);
				PRODUCT_BUNDLE_IDENTIFIER = MINJU.PobbyUITests;
				PRODUCT_NAME = "$(TARGET_NAME)";
				SWIFT_VERSION = 5.0;
				TARGETED_DEVICE_FAMILY = "1,2";
				TEST_TARGET_NAME = Pobby;
			};
			name = Release;
		};
/* End XCBuildConfiguration section */

/* Begin XCConfigurationList section */
		FCEF1F952539B2A8009101C0 /* Build configuration list for PBXProject "Pobby" */ = {
			isa = XCConfigurationList;
			buildConfigurations = (
				FCEF1FC22539B2A9009101C0 /* Debug */,
				FCEF1FC32539B2A9009101C0 /* Release */,
			);
			defaultConfigurationIsVisible = 0;
			defaultConfigurationName = Release;
		};
		FCEF1FC42539B2A9009101C0 /* Build configuration list for PBXNativeTarget "Pobby" */ = {
			isa = XCConfigurationList;
			buildConfigurations = (
				FCEF1FC52539B2A9009101C0 /* Debug */,
				FCEF1FC62539B2A9009101C0 /* Release */,
			);
			defaultConfigurationIsVisible = 0;
			defaultConfigurationName = Release;
		};
		FCEF1FC72539B2A9009101C0 /* Build configuration list for PBXNativeTarget "PobbyTests" */ = {
			isa = XCConfigurationList;
			buildConfigurations = (
				FCEF1FC82539B2A9009101C0 /* Debug */,
				FCEF1FC92539B2A9009101C0 /* Release */,
			);
			defaultConfigurationIsVisible = 0;
			defaultConfigurationName = Release;
		};
		FCEF1FCA2539B2A9009101C0 /* Build configuration list for PBXNativeTarget "PobbyUITests" */ = {
			isa = XCConfigurationList;
			buildConfigurations = (
				FCEF1FCB2539B2A9009101C0 /* Debug */,
				FCEF1FCC2539B2A9009101C0 /* Release */,
			);
			defaultConfigurationIsVisible = 0;
			defaultConfigurationName = Release;
		};
/* End XCConfigurationList section */
	};
	rootObject = FCEF1F922539B2A8009101C0 /* Project object */;
}
